// !$*UTF8*$!
{
	archiveVersion = 1;
	classes = {
	};
	objectVersion = 50;
	objects = {

/* Begin PBXBuildFile section */
		645E2221243498A20053804C /* AppDelegate.swift in Sources */ = {isa = PBXBuildFile; fileRef = 645E2220243498A20053804C /* AppDelegate.swift */; };
		645E2223243498A20053804C /* SceneDelegate.swift in Sources */ = {isa = PBXBuildFile; fileRef = 645E2222243498A20053804C /* SceneDelegate.swift */; };
		645E2226243498A20053804C /* CocktailizeSwiftUI.xcdatamodeld in Sources */ = {isa = PBXBuildFile; fileRef = 645E2224243498A20053804C /* CocktailizeSwiftUI.xcdatamodeld */; };
		645E2228243498A20053804C /* ContentView.swift in Sources */ = {isa = PBXBuildFile; fileRef = 645E2227243498A20053804C /* ContentView.swift */; };
		645E222A243498AB0053804C /* Assets.xcassets in Resources */ = {isa = PBXBuildFile; fileRef = 645E2229243498AB0053804C /* Assets.xcassets */; };
		645E222D243498AB0053804C /* Preview Assets.xcassets in Resources */ = {isa = PBXBuildFile; fileRef = 645E222C243498AB0053804C /* Preview Assets.xcassets */; };
		645E2230243498AB0053804C /* LaunchScreen.storyboard in Resources */ = {isa = PBXBuildFile; fileRef = 645E222E243498AB0053804C /* LaunchScreen.storyboard */; };
		645E2238243499C30053804C /* Home.swift in Sources */ = {isa = PBXBuildFile; fileRef = 645E2237243499C30053804C /* Home.swift */; };
		645E223B243647B00053804C /* CocktailSearch.swift in Sources */ = {isa = PBXBuildFile; fileRef = 645E223A243647B00053804C /* CocktailSearch.swift */; };
		645E223E2437AB9D0053804C /* ViewModifiers.swift in Sources */ = {isa = PBXBuildFile; fileRef = 645E223D2437AB9D0053804C /* ViewModifiers.swift */; };
		645E22402437D5210053804C /* Ingredient.swift in Sources */ = {isa = PBXBuildFile; fileRef = 645E223F2437D5210053804C /* Ingredient.swift */; };
		645E22422438C6B40053804C /* IngredientRow.swift in Sources */ = {isa = PBXBuildFile; fileRef = 645E22412438C6B30053804C /* IngredientRow.swift */; };
		646740F1243F1C2A005FAA26 /* UserData.swift in Sources */ = {isa = PBXBuildFile; fileRef = 646740F0243F1C2A005FAA26 /* UserData.swift */; };
/* End PBXBuildFile section */

/* Begin PBXFileReference section */
		645E221D243498A20053804C /* CocktailizeSwiftUI.app */ = {isa = PBXFileReference; explicitFileType = wrapper.application; includeInIndex = 0; path = CocktailizeSwiftUI.app; sourceTree = BUILT_PRODUCTS_DIR; };
		645E2220243498A20053804C /* AppDelegate.swift */ = {isa = PBXFileReference; lastKnownFileType = sourcecode.swift; path = AppDelegate.swift; sourceTree = "<group>"; };
		645E2222243498A20053804C /* SceneDelegate.swift */ = {isa = PBXFileReference; lastKnownFileType = sourcecode.swift; path = SceneDelegate.swift; sourceTree = "<group>"; };
		645E2225243498A20053804C /* CocktailizeSwiftUI.xcdatamodel */ = {isa = PBXFileReference; lastKnownFileType = wrapper.xcdatamodel; path = CocktailizeSwiftUI.xcdatamodel; sourceTree = "<group>"; };
		645E2227243498A20053804C /* ContentView.swift */ = {isa = PBXFileReference; lastKnownFileType = sourcecode.swift; path = ContentView.swift; sourceTree = "<group>"; };
		645E2229243498AB0053804C /* Assets.xcassets */ = {isa = PBXFileReference; lastKnownFileType = folder.assetcatalog; path = Assets.xcassets; sourceTree = "<group>"; };
		645E222C243498AB0053804C /* Preview Assets.xcassets */ = {isa = PBXFileReference; lastKnownFileType = folder.assetcatalog; path = "Preview Assets.xcassets"; sourceTree = "<group>"; };
		645E222F243498AB0053804C /* Base */ = {isa = PBXFileReference; lastKnownFileType = file.storyboard; name = Base; path = Base.lproj/LaunchScreen.storyboard; sourceTree = "<group>"; };
		645E2231243498AB0053804C /* Info.plist */ = {isa = PBXFileReference; lastKnownFileType = text.plist.xml; path = Info.plist; sourceTree = "<group>"; };
		645E2237243499C30053804C /* Home.swift */ = {isa = PBXFileReference; lastKnownFileType = sourcecode.swift; path = Home.swift; sourceTree = "<group>"; };
		645E223A243647B00053804C /* CocktailSearch.swift */ = {isa = PBXFileReference; lastKnownFileType = sourcecode.swift; path = CocktailSearch.swift; sourceTree = "<group>"; };
		645E223D2437AB9D0053804C /* ViewModifiers.swift */ = {isa = PBXFileReference; lastKnownFileType = sourcecode.swift; path = ViewModifiers.swift; sourceTree = "<group>"; };
		645E223F2437D5210053804C /* Ingredient.swift */ = {isa = PBXFileReference; lastKnownFileType = sourcecode.swift; path = Ingredient.swift; sourceTree = "<group>"; };
		645E22412438C6B30053804C /* IngredientRow.swift */ = {isa = PBXFileReference; lastKnownFileType = sourcecode.swift; path = IngredientRow.swift; sourceTree = "<group>"; };
		646740F0243F1C2A005FAA26 /* UserData.swift */ = {isa = PBXFileReference; lastKnownFileType = sourcecode.swift; path = UserData.swift; sourceTree = "<group>"; };
/* End PBXFileReference section */

/* Begin PBXFrameworksBuildPhase section */
		645E221A243498A20053804C /* Frameworks */ = {
			isa = PBXFrameworksBuildPhase;
			buildActionMask = 2147483647;
			files = (
			);
			runOnlyForDeploymentPostprocessing = 0;
		};
/* End PBXFrameworksBuildPhase section */

/* Begin PBXGroup section */
		645E2214243498A20053804C = {
			isa = PBXGroup;
			children = (
				645E221F243498A20053804C /* CocktailizeSwiftUI */,
				645E221E243498A20053804C /* Products */,
			);
			sourceTree = "<group>";
		};
		645E221E243498A20053804C /* Products */ = {
			isa = PBXGroup;
			children = (
				645E221D243498A20053804C /* CocktailizeSwiftUI.app */,
			);
			name = Products;
			sourceTree = "<group>";
		};
		645E221F243498A20053804C /* CocktailizeSwiftUI */ = {
			isa = PBXGroup;
			children = (
				646740EF243F1BF4005FAA26 /* Models */,
				645E223C2437AB790053804C /* Utils */,
				645E223924351C770053804C /* Cocktailize-iOS */,
				645E2220243498A20053804C /* AppDelegate.swift */,
				645E2222243498A20053804C /* SceneDelegate.swift */,
				645E2227243498A20053804C /* ContentView.swift */,
				645E2229243498AB0053804C /* Assets.xcassets */,
				645E222E243498AB0053804C /* LaunchScreen.storyboard */,
				645E2231243498AB0053804C /* Info.plist */,
				645E2224243498A20053804C /* CocktailizeSwiftUI.xcdatamodeld */,
				645E222B243498AB0053804C /* Preview Content */,
				645E2237243499C30053804C /* Home.swift */,
				645E223A243647B00053804C /* CocktailSearch.swift */,
				645E223F2437D5210053804C /* Ingredient.swift */,
				645E22412438C6B30053804C /* IngredientRow.swift */,
			);
			path = CocktailizeSwiftUI;
			sourceTree = "<group>";
		};
		645E222B243498AB0053804C /* Preview Content */ = {
			isa = PBXGroup;
			children = (
				645E222C243498AB0053804C /* Preview Assets.xcassets */,
			);
			path = "Preview Content";
			sourceTree = "<group>";
		};
		645E223924351C770053804C /* Cocktailize-iOS */ = {
			isa = PBXGroup;
			children = (
			);
			path = "Cocktailize-iOS";
			sourceTree = "<group>";
		};
		645E223C2437AB790053804C /* Utils */ = {
			isa = PBXGroup;
			children = (
				645E223D2437AB9D0053804C /* ViewModifiers.swift */,
			);
			path = Utils;
			sourceTree = "<group>";
		};
		646740EF243F1BF4005FAA26 /* Models */ = {
			isa = PBXGroup;
			children = (
				646740F0243F1C2A005FAA26 /* UserData.swift */,
			);
			path = Models;
			sourceTree = "<group>";
		};
/* End PBXGroup section */

/* Begin PBXNativeTarget section */
		645E221C243498A20053804C /* CocktailizeSwiftUI */ = {
			isa = PBXNativeTarget;
			buildConfigurationList = 645E2234243498AB0053804C /* Build configuration list for PBXNativeTarget "CocktailizeSwiftUI" */;
			buildPhases = (
				645E2219243498A20053804C /* Sources */,
				645E221A243498A20053804C /* Frameworks */,
				645E221B243498A20053804C /* Resources */,
			);
			buildRules = (
			);
			dependencies = (
			);
			name = CocktailizeSwiftUI;
			productName = CocktailizeSwiftUI;
			productReference = 645E221D243498A20053804C /* CocktailizeSwiftUI.app */;
			productType = "com.apple.product-type.application";
		};
/* End PBXNativeTarget section */

/* Begin PBXProject section */
		645E2215243498A20053804C /* Project object */ = {
			isa = PBXProject;
			attributes = {
				LastSwiftUpdateCheck = 1140;
				LastUpgradeCheck = 1140;
				ORGANIZATIONNAME = "anthony loroscio";
				TargetAttributes = {
					645E221C243498A20053804C = {
						CreatedOnToolsVersion = 11.4;
					};
				};
			};
			buildConfigurationList = 645E2218243498A20053804C /* Build configuration list for PBXProject "CocktailizeSwiftUI" */;
			compatibilityVersion = "Xcode 9.3";
			developmentRegion = en;
			hasScannedForEncodings = 0;
			knownRegions = (
				en,
				Base,
			);
			mainGroup = 645E2214243498A20053804C;
			productRefGroup = 645E221E243498A20053804C /* Products */;
			projectDirPath = "";
			projectRoot = "";
			targets = (
				645E221C243498A20053804C /* CocktailizeSwiftUI */,
			);
		};
/* End PBXProject section */

/* Begin PBXResourcesBuildPhase section */
		645E221B243498A20053804C /* Resources */ = {
			isa = PBXResourcesBuildPhase;
			buildActionMask = 2147483647;
			files = (
				645E2230243498AB0053804C /* LaunchScreen.storyboard in Resources */,
				645E222D243498AB0053804C /* Preview Assets.xcassets in Resources */,
				645E222A243498AB0053804C /* Assets.xcassets in Resources */,
			);
			runOnlyForDeploymentPostprocessing = 0;
		};
/* End PBXResourcesBuildPhase section */

/* Begin PBXSourcesBuildPhase section */
		645E2219243498A20053804C /* Sources */ = {
			isa = PBXSourcesBuildPhase;
			buildActionMask = 2147483647;
			files = (
				645E2221243498A20053804C /* AppDelegate.swift in Sources */,
				645E223E2437AB9D0053804C /* ViewModifiers.swift in Sources */,
				645E2223243498A20053804C /* SceneDelegate.swift in Sources */,
				645E22422438C6B40053804C /* IngredientRow.swift in Sources */,
				645E2238243499C30053804C /* Home.swift in Sources */,
				645E22402437D5210053804C /* Ingredient.swift in Sources */,
				645E223B243647B00053804C /* CocktailSearch.swift in Sources */,
				645E2228243498A20053804C /* ContentView.swift in Sources */,
				646740F1243F1C2A005FAA26 /* UserData.swift in Sources */,
				645E2226243498A20053804C /* CocktailizeSwiftUI.xcdatamodeld in Sources */,
			);
			runOnlyForDeploymentPostprocessing = 0;
		};
/* End PBXSourcesBuildPhase section */

/* Begin PBXVariantGroup section */
		645E222E243498AB0053804C /* LaunchScreen.storyboard */ = {
			isa = PBXVariantGroup;
			children = (
				645E222F243498AB0053804C /* Base */,
			);
			name = LaunchScreen.storyboard;
			sourceTree = "<group>";
		};
/* End PBXVariantGroup section */

/* Begin XCBuildConfiguration section */
		645E2232243498AB0053804C /* Debug */ = {
			isa = XCBuildConfiguration;
			buildSettings = {
				ALWAYS_SEARCH_USER_PATHS = NO;
				CLANG_ANALYZER_NONNULL = YES;
				CLANG_ANALYZER_NUMBER_OBJECT_CONVERSION = YES_AGGRESSIVE;
				CLANG_CXX_LANGUAGE_STANDARD = "gnu++14";
				CLANG_CXX_LIBRARY = "libc++";
				CLANG_ENABLE_MODULES = YES;
				CLANG_ENABLE_OBJC_ARC = YES;
				CLANG_ENABLE_OBJC_WEAK = YES;
				CLANG_WARN_BLOCK_CAPTURE_AUTORELEASING = YES;
				CLANG_WARN_BOOL_CONVERSION = YES;
				CLANG_WARN_COMMA = YES;
				CLANG_WARN_CONSTANT_CONVERSION = YES;
				CLANG_WARN_DEPRECATED_OBJC_IMPLEMENTATIONS = YES;
				CLANG_WARN_DIRECT_OBJC_ISA_USAGE = YES_ERROR;
				CLANG_WARN_DOCUMENTATION_COMMENTS = YES;
				CLANG_WARN_EMPTY_BODY = YES;
				CLANG_WARN_ENUM_CONVERSION = YES;
				CLANG_WARN_INFINITE_RECURSION = YES;
				CLANG_WARN_INT_CONVERSION = YES;
				CLANG_WARN_NON_LITERAL_NULL_CONVERSION = YES;
				CLANG_WARN_OBJC_IMPLICIT_RETAIN_SELF = YES;
				CLANG_WARN_OBJC_LITERAL_CONVERSION = YES;
				CLANG_WARN_OBJC_ROOT_CLASS = YES_ERROR;
				CLANG_WARN_RANGE_LOOP_ANALYSIS = YES;
				CLANG_WARN_STRICT_PROTOTYPES = YES;
				CLANG_WARN_SUSPICIOUS_MOVE = YES;
				CLANG_WARN_UNGUARDED_AVAILABILITY = YES_AGGRESSIVE;
				CLANG_WARN_UNREACHABLE_CODE = YES;
				CLANG_WARN__DUPLICATE_METHOD_MATCH = YES;
				COPY_PHASE_STRIP = NO;
				DEBUG_INFORMATION_FORMAT = dwarf;
				ENABLE_STRICT_OBJC_MSGSEND = YES;
				ENABLE_TESTABILITY = YES;
				GCC_C_LANGUAGE_STANDARD = gnu11;
				GCC_DYNAMIC_NO_PIC = NO;
				GCC_NO_COMMON_BLOCKS = YES;
				GCC_OPTIMIZATION_LEVEL = 0;
				GCC_PREPROCESSOR_DEFINITIONS = (
					"DEBUG=1",
					"$(inherited)",
				);
				GCC_WARN_64_TO_32_BIT_CONVERSION = YES;
				GCC_WARN_ABOUT_RETURN_TYPE = YES_ERROR;
				GCC_WARN_UNDECLARED_SELECTOR = YES;
				GCC_WARN_UNINITIALIZED_AUTOS = YES_AGGRESSIVE;
				GCC_WARN_UNUSED_FUNCTION = YES;
				GCC_WARN_UNUSED_VARIABLE = YES;
				IPHONEOS_DEPLOYMENT_TARGET = 13.4;
				MTL_ENABLE_DEBUG_INFO = INCLUDE_SOURCE;
				MTL_FAST_MATH = YES;
				ONLY_ACTIVE_ARCH = YES;
				SDKROOT = iphoneos;
				SWIFT_ACTIVE_COMPILATION_CONDITIONS = DEBUG;
				SWIFT_OPTIMIZATION_LEVEL = "-Onone";
			};
			name = Debug;
		};
		645E2233243498AB0053804C /* Release */ = {
			isa = XCBuildConfiguration;
			buildSettings = {
				ALWAYS_SEARCH_USER_PATHS = NO;
				CLANG_ANALYZER_NONNULL = YES;
				CLANG_ANALYZER_NUMBER_OBJECT_CONVERSION = YES_AGGRESSIVE;
				CLANG_CXX_LANGUAGE_STANDARD = "gnu++14";
				CLANG_CXX_LIBRARY = "libc++";
				CLANG_ENABLE_MODULES = YES;
				CLANG_ENABLE_OBJC_ARC = YES;
				CLANG_ENABLE_OBJC_WEAK = YES;
				CLANG_WARN_BLOCK_CAPTURE_AUTORELEASING = YES;
				CLANG_WARN_BOOL_CONVERSION = YES;
				CLANG_WARN_COMMA = YES;
				CLANG_WARN_CONSTANT_CONVERSION = YES;
				CLANG_WARN_DEPRECATED_OBJC_IMPLEMENTATIONS = YES;
				CLANG_WARN_DIRECT_OBJC_ISA_USAGE = YES_ERROR;
				CLANG_WARN_DOCUMENTATION_COMMENTS = YES;
				CLANG_WARN_EMPTY_BODY = YES;
				CLANG_WARN_ENUM_CONVERSION = YES;
				CLANG_WARN_INFINITE_RECURSION = YES;
				CLANG_WARN_INT_CONVERSION = YES;
				CLANG_WARN_NON_LITERAL_NULL_CONVERSION = YES;
				CLANG_WARN_OBJC_IMPLICIT_RETAIN_SELF = YES;
				CLANG_WARN_OBJC_LITERAL_CONVERSION = YES;
				CLANG_WARN_OBJC_ROOT_CLASS = YES_ERROR;
				CLANG_WARN_RANGE_LOOP_ANALYSIS = YES;
				CLANG_WARN_STRICT_PROTOTYPES = YES;
				CLANG_WARN_SUSPICIOUS_MOVE = YES;
				CLANG_WARN_UNGUARDED_AVAILABILITY = YES_AGGRESSIVE;
				CLANG_WARN_UNREACHABLE_CODE = YES;
				CLANG_WARN__DUPLICATE_METHOD_MATCH = YES;
				COPY_PHASE_STRIP = NO;
				DEBUG_INFORMATION_FORMAT = "dwarf-with-dsym";
				ENABLE_NS_ASSERTIONS = NO;
				ENABLE_STRICT_OBJC_MSGSEND = YES;
				GCC_C_LANGUAGE_STANDARD = gnu11;
				GCC_NO_COMMON_BLOCKS = YES;
				GCC_WARN_64_TO_32_BIT_CONVERSION = YES;
				GCC_WARN_ABOUT_RETURN_TYPE = YES_ERROR;
				GCC_WARN_UNDECLARED_SELECTOR = YES;
				GCC_WARN_UNINITIALIZED_AUTOS = YES_AGGRESSIVE;
				GCC_WARN_UNUSED_FUNCTION = YES;
				GCC_WARN_UNUSED_VARIABLE = YES;
				IPHONEOS_DEPLOYMENT_TARGET = 13.4;
				MTL_ENABLE_DEBUG_INFO = NO;
				MTL_FAST_MATH = YES;
				SDKROOT = iphoneos;
				SWIFT_COMPILATION_MODE = wholemodule;
				SWIFT_OPTIMIZATION_LEVEL = "-O";
				VALIDATE_PRODUCT = YES;
			};
			name = Release;
		};
		645E2235243498AB0053804C /* Debug */ = {
			isa = XCBuildConfiguration;
			buildSettings = {
				ASSETCATALOG_COMPILER_APPICON_NAME = AppIcon;
				CODE_SIGN_STYLE = Automatic;
				DEVELOPMENT_ASSET_PATHS = "\"CocktailizeSwiftUI/Preview Content\"";
				DEVELOPMENT_TEAM = QA8D4M9LK9;
				ENABLE_PREVIEWS = YES;
				INFOPLIST_FILE = CocktailizeSwiftUI/Info.plist;
				LD_RUNPATH_SEARCH_PATHS = (
					"$(inherited)",
					"@executable_path/Frameworks",
				);
				PRODUCT_BUNDLE_IDENTIFIER = com.loroscio.CocktailizeSwiftUI;
				PRODUCT_NAME = "$(TARGET_NAME)";
				SWIFT_VERSION = 5.0;
				TARGETED_DEVICE_FAMILY = "1,2";
			};
			name = Debug;
		};
		645E2236243498AB0053804C /* Release */ = {
			isa = XCBuildConfiguration;
			buildSettings = {
				ASSETCATALOG_COMPILER_APPICON_NAME = AppIcon;
				CODE_SIGN_STYLE = Automatic;
				DEVELOPMENT_ASSET_PATHS = "\"CocktailizeSwiftUI/Preview Content\"";
				DEVELOPMENT_TEAM = QA8D4M9LK9;
				ENABLE_PREVIEWS = YES;
				INFOPLIST_FILE = CocktailizeSwiftUI/Info.plist;
				LD_RUNPATH_SEARCH_PATHS = (
					"$(inherited)",
					"@executable_path/Frameworks",
				);
				PRODUCT_BUNDLE_IDENTIFIER = com.loroscio.CocktailizeSwiftUI;
				PRODUCT_NAME = "$(TARGET_NAME)";
				SWIFT_VERSION = 5.0;
				TARGETED_DEVICE_FAMILY = "1,2";
			};
			name = Release;
		};
/* End XCBuildConfiguration section */

/* Begin XCConfigurationList section */
		645E2218243498A20053804C /* Build configuration list for PBXProject "CocktailizeSwiftUI" */ = {
			isa = XCConfigurationList;
			buildConfigurations = (
				645E2232243498AB0053804C /* Debug */,
				645E2233243498AB0053804C /* Release */,
			);
			defaultConfigurationIsVisible = 0;
			defaultConfigurationName = Release;
		};
		645E2234243498AB0053804C /* Build configuration list for PBXNativeTarget "CocktailizeSwiftUI" */ = {
			isa = XCConfigurationList;
			buildConfigurations = (
				645E2235243498AB0053804C /* Debug */,
				645E2236243498AB0053804C /* Release */,
			);
			defaultConfigurationIsVisible = 0;
			defaultConfigurationName = Release;
		};
/* End XCConfigurationList section */

/* Begin XCVersionGroup section */
		645E2224243498A20053804C /* CocktailizeSwiftUI.xcdatamodeld */ = {
			isa = XCVersionGroup;
			children = (
				645E2225243498A20053804C /* CocktailizeSwiftUI.xcdatamodel */,
			);
			currentVersion = 645E2225243498A20053804C /* CocktailizeSwiftUI.xcdatamodel */;
			path = CocktailizeSwiftUI.xcdatamodeld;
			sourceTree = "<group>";
			versionGroupType = wrapper.xcdatamodel;
		};
/* End XCVersionGroup section */
	};
	rootObject = 645E2215243498A20053804C /* Project object */;
}
